
Microsoft Visual Studio Solution File, Format Version 12.00
# Visual Studio Version 17
VisualStudioVersion = 17.4.33213.308
MinimumVisualStudioVersion = 10.0.40219.1
Project("{9A19103F-16F7-4668-BE54-9A1E7A4F7556}") = "GScript.Analyzer", "GScriptAnalyzer\GScript.Analyzer.csproj", "{FAE80AC3-05F6-4DF2-A317-1EBA5399505F}"
EndProject
Project("{9A19103F-16F7-4668-BE54-9A1E7A4F7556}") = "GScript.Standard", "GScriptBase\GScript.Standard.csproj", "{FF8B3FE5-D6FB-44D9-AD2F-948144CA378C}"
EndProject
Project("{9A19103F-16F7-4668-BE54-9A1E7A4F7556}") = "EUtility.ConsoleEx.Message", "C:\Users\Administrator.DESKTOP-38EEGUF\source\repos\EUtility\EUtility.Console.BottomMessage\EUtility.ConsoleEx.Message.csproj", "{7E61DBD3-BA2A-48CE-B7E2-6EA158D46A9B}"
EndProject
Project("{9A19103F-16F7-4668-BE54-9A1E7A4F7556}") = "EUtility.ConvertEx.Convert", "C:\Users\Administrator.DESKTOP-38EEGUF\source\repos\EUtility\EUtility.ConvertEx.Convert\EUtility.ConvertEx.Convert.csproj", "{8D12F6B9-DB09-4B4A-A401-F60390E825C2}"
EndProject
Project("{9A19103F-16F7-4668-BE54-9A1E7A4F7556}") = "EUtility.StringEx.StringExtension", "C:\Users\Administrator.DESKTOP-38EEGUF\source\repos\EUtility\EUtility.String.StringExtension\EUtility.StringEx.StringExtension.csproj", "{3CD75E02-715A-4F99-B2EE-5D246D5EF81A}"
EndProject
Project("{9A19103F-16F7-4668-BE54-9A1E7A4F7556}") = "GScript.FeatureTest", "GScript.FeatureTest\GScript.FeatureTest.csproj", "{A644D3A8-BF45-4C49-91C2-A8CC582804FB}"
EndProject
Project("{2150E333-8FDC-42A3-9474-1A3956D46DE8}") = "EUtility", "EUtility", "{B529A71F-C30E-4DBB-BD49-94591CD0F881}"
EndProject
Project("{2150E333-8FDC-42A3-9474-1A3956D46DE8}") = "Core", "Core", "{EDC898AD-7B84-4F9F-9436-013BAA121F9C}"
EndProject
Project("{2150E333-8FDC-42A3-9474-1A3956D46DE8}") = "Editor", "Editor", "{4FDE0265-C371-4615-B82C-F71479B7262E}"
EndProject
Project("{9A19103F-16F7-4668-BE54-9A1E7A4F7556}") = "EUtility.ValueEx", "C:\Users\Administrator.DESKTOP-38EEGUF\source\repos\EUtility\EUtility.ValueEx\EUtility.ValueEx.csproj", "{735F0F70-C867-4637-8FD4-8E1119A018C4}"
EndProject
Project("{9A19103F-16F7-4668-BE54-9A1E7A4F7556}") = "GScript.Editor", "GScriptEditor\GScript.Editor.csproj", "{F7E05409-FC6C-4DDA-BDDA-823D10A65A68}"
EndProject
Project("{8BC9CEB8-8B4A-11D0-8D11-00A0C91BC942}") = "GScript.Editor.Clipboard", "GScript.Editor.Clipboard\GScript.Editer.Clipboard.vcxproj", "{A803DF07-5AF1-47C2-85C7-0DF8963CFC5C}"
EndProject
Project("{FAE04EC0-301F-11D3-BF4B-00C04F79EFBC}") = "GScript.WinForm", "GScript.WinForm\GScript.WinForm.csproj", "{F662910B-617C-4CED-8AFA-EB11F8B8163B}"
EndProject
Global
	GlobalSection(SolutionConfigurationPlatforms) = preSolution
		Debug|Any CPU = Debug|Any CPU
		Debug|x64 = Debug|x64
		Debug|x86 = Debug|x86
		Release|Any CPU = Release|Any CPU
		Release|x64 = Release|x64
		Release|x86 = Release|x86
	EndGlobalSection
	GlobalSection(ProjectConfigurationPlatforms) = postSolution
		{FAE80AC3-05F6-4DF2-A317-1EBA5399505F}.Debug|Any CPU.ActiveCfg = Debug|Any CPU
		{FAE80AC3-05F6-4DF2-A317-1EBA5399505F}.Debug|Any CPU.Build.0 = Debug|Any CPU
		{FAE80AC3-05F6-4DF2-A317-1EBA5399505F}.Debug|x64.ActiveCfg = Debug|Any CPU
		{FAE80AC3-05F6-4DF2-A317-1EBA5399505F}.Debug|x64.Build.0 = Debug|Any CPU
		{FAE80AC3-05F6-4DF2-A317-1EBA5399505F}.Debug|x86.ActiveCfg = Debug|Any CPU
		{FAE80AC3-05F6-4DF2-A317-1EBA5399505F}.Debug|x86.Build.0 = Debug|Any CPU
		{FAE80AC3-05F6-4DF2-A317-1EBA5399505F}.Release|Any CPU.ActiveCfg = Release|Any CPU
		{FAE80AC3-05F6-4DF2-A317-1EBA5399505F}.Release|Any CPU.Build.0 = Release|Any CPU
		{FAE80AC3-05F6-4DF2-A317-1EBA5399505F}.Release|x64.ActiveCfg = Release|Any CPU
		{FAE80AC3-05F6-4DF2-A317-1EBA5399505F}.Release|x64.Build.0 = Release|Any CPU
		{FAE80AC3-05F6-4DF2-A317-1EBA5399505F}.Release|x86.ActiveCfg = Release|Any CPU
		{FAE80AC3-05F6-4DF2-A317-1EBA5399505F}.Release|x86.Build.0 = Release|Any CPU
		{FF8B3FE5-D6FB-44D9-AD2F-948144CA378C}.Debug|Any CPU.ActiveCfg = Debug|Any CPU
		{FF8B3FE5-D6FB-44D9-AD2F-948144CA378C}.Debug|Any CPU.Build.0 = Debug|Any CPU
		{FF8B3FE5-D6FB-44D9-AD2F-948144CA378C}.Debug|x64.ActiveCfg = Debug|Any CPU
		{FF8B3FE5-D6FB-44D9-AD2F-948144CA378C}.Debug|x64.Build.0 = Debug|Any CPU
		{FF8B3FE5-D6FB-44D9-AD2F-948144CA378C}.Debug|x86.ActiveCfg = Debug|Any CPU
		{FF8B3FE5-D6FB-44D9-AD2F-948144CA378C}.Debug|x86.Build.0 = Debug|Any CPU
		{FF8B3FE5-D6FB-44D9-AD2F-948144CA378C}.Release|Any CPU.ActiveCfg = Release|Any CPU
		{FF8B3FE5-D6FB-44D9-AD2F-948144CA378C}.Release|Any CPU.Build.0 = Release|Any CPU
		{FF8B3FE5-D6FB-44D9-AD2F-948144CA378C}.Release|x64.ActiveCfg = Release|Any CPU
		{FF8B3FE5-D6FB-44D9-AD2F-948144CA378C}.Release|x64.Build.0 = Release|Any CPU
		{FF8B3FE5-D6FB-44D9-AD2F-948144CA378C}.Release|x86.ActiveCfg = Release|Any CPU
		{FF8B3FE5-D6FB-44D9-AD2F-948144CA378C}.Release|x86.Build.0 = Release|Any CPU
		{7E61DBD3-BA2A-48CE-B7E2-6EA158D46A9B}.Debug|Any CPU.ActiveCfg = Debug|Any CPU
		{7E61DBD3-BA2A-48CE-B7E2-6EA158D46A9B}.Debug|Any CPU.Build.0 = Debug|Any CPU
		{7E61DBD3-BA2A-48CE-B7E2-6EA158D46A9B}.Debug|x64.ActiveCfg = Debug|Any CPU
		{7E61DBD3-BA2A-48CE-B7E2-6EA158D46A9B}.Debug|x64.Build.0 = Debug|Any CPU
		{7E61DBD3-BA2A-48CE-B7E2-6EA158D46A9B}.Debug|x86.ActiveCfg = Debug|Any CPU
		{7E61DBD3-BA2A-48CE-B7E2-6EA158D46A9B}.Debug|x86.Build.0 = Debug|Any CPU
		{7E61DBD3-BA2A-48CE-B7E2-6EA158D46A9B}.Release|Any CPU.ActiveCfg = Release|Any CPU
		{7E61DBD3-BA2A-48CE-B7E2-6EA158D46A9B}.Release|Any CPU.Build.0 = Release|Any CPU
		{7E61DBD3-BA2A-48CE-B7E2-6EA158D46A9B}.Release|x64.ActiveCfg = Release|Any CPU
		{7E61DBD3-BA2A-48CE-B7E2-6EA158D46A9B}.Release|x64.Build.0 = Release|Any CPU
		{7E61DBD3-BA2A-48CE-B7E2-6EA158D46A9B}.Release|x86.ActiveCfg = Release|Any CPU
		{7E61DBD3-BA2A-48CE-B7E2-6EA158D46A9B}.Release|x86.Build.0 = Release|Any CPU
		{8D12F6B9-DB09-4B4A-A401-F60390E825C2}.Debug|Any CPU.ActiveCfg = Debug|Any CPU
		{8D12F6B9-DB09-4B4A-A401-F60390E825C2}.Debug|Any CPU.Build.0 = Debug|Any CPU
		{8D12F6B9-DB09-4B4A-A401-F60390E825C2}.Debug|x64.ActiveCfg = Debug|Any CPU
		{8D12F6B9-DB09-4B4A-A401-F60390E825C2}.Debug|x64.Build.0 = Debug|Any CPU
		{8D12F6B9-DB09-4B4A-A401-F60390E825C2}.Debug|x86.ActiveCfg = Debug|Any CPU
		{8D12F6B9-DB09-4B4A-A401-F60390E825C2}.Debug|x86.Build.0 = Debug|Any CPU
		{8D12F6B9-DB09-4B4A-A401-F60390E825C2}.Release|Any CPU.ActiveCfg = Release|Any CPU
		{8D12F6B9-DB09-4B4A-A401-F60390E825C2}.Release|Any CPU.Build.0 = Release|Any CPU
		{8D12F6B9-DB09-4B4A-A401-F60390E825C2}.Release|x64.ActiveCfg = Release|Any CPU
		{8D12F6B9-DB09-4B4A-A401-F60390E825C2}.Release|x64.Build.0 = Release|Any CPU
		{8D12F6B9-DB09-4B4A-A401-F60390E825C2}.Release|x86.ActiveCfg = Release|Any CPU
		{8D12F6B9-DB09-4B4A-A401-F60390E825C2}.Release|x86.Build.0 = Release|Any CPU
		{3CD75E02-715A-4F99-B2EE-5D246D5EF81A}.Debug|Any CPU.ActiveCfg = Debug|Any CPU
		{3CD75E02-715A-4F99-B2EE-5D246D5EF81A}.Debug|Any CPU.Build.0 = Debug|Any CPU
		{3CD75E02-715A-4F99-B2EE-5D246D5EF81A}.Debug|x64.ActiveCfg = Debug|Any CPU
		{3CD75E02-715A-4F99-B2EE-5D246D5EF81A}.Debug|x64.Build.0 = Debug|Any CPU
		{3CD75E02-715A-4F99-B2EE-5D246D5EF81A}.Debug|x86.ActiveCfg = Debug|Any CPU
		{3CD75E02-715A-4F99-B2EE-5D246D5EF81A}.Debug|x86.Build.0 = Debug|Any CPU
		{3CD75E02-715A-4F99-B2EE-5D246D5EF81A}.Release|Any CPU.ActiveCfg = Release|Any CPU
		{3CD75E02-715A-4F99-B2EE-5D246D5EF81A}.Release|Any CPU.Build.0 = Release|Any CPU
		{3CD75E02-715A-4F99-B2EE-5D246D5EF81A}.Release|x64.ActiveCfg = Release|Any CPU
		{3CD75E02-715A-4F99-B2EE-5D246D5EF81A}.Release|x64.Build.0 = Release|Any CPU
		{3CD75E02-715A-4F99-B2EE-5D246D5EF81A}.Release|x86.ActiveCfg = Release|Any CPU
		{3CD75E02-715A-4F99-B2EE-5D246D5EF81A}.Release|x86.Build.0 = Release|Any CPU
		{A644D3A8-BF45-4C49-91C2-A8CC582804FB}.Debug|Any CPU.ActiveCfg = Debug|Any CPU
		{A644D3A8-BF45-4C49-91C2-A8CC582804FB}.Debug|Any CPU.Build.0 = Debug|Any CPU
		{A644D3A8-BF45-4C49-91C2-A8CC582804FB}.Debug|x64.ActiveCfg = Debug|Any CPU
		{A644D3A8-BF45-4C49-91C2-A8CC582804FB}.Debug|x64.Build.0 = Debug|Any CPU
		{A644D3A8-BF45-4C49-91C2-A8CC582804FB}.Debug|x86.ActiveCfg = Debug|Any CPU
		{A644D3A8-BF45-4C49-91C2-A8CC582804FB}.Debug|x86.Build.0 = Debug|Any CPU
		{A644D3A8-BF45-4C49-91C2-A8CC582804FB}.Release|Any CPU.ActiveCfg = Release|Any CPU
		{A644D3A8-BF45-4C49-91C2-A8CC582804FB}.Release|Any CPU.Build.0 = Release|Any CPU
		{A644D3A8-BF45-4C49-91C2-A8CC582804FB}.Release|x64.ActiveCfg = Release|Any CPU
		{A644D3A8-BF45-4C49-91C2-A8CC582804FB}.Release|x64.Build.0 = Release|Any CPU
		{A644D3A8-BF45-4C49-91C2-A8CC582804FB}.Release|x86.ActiveCfg = Release|Any CPU
		{A644D3A8-BF45-4C49-91C2-A8CC582804FB}.Release|x86.Build.0 = Release|Any CPU
		{735F0F70-C867-4637-8FD4-8E1119A018C4}.Debug|Any CPU.ActiveCfg = Debug|Any CPU
		{735F0F70-C867-4637-8FD4-8E1119A018C4}.Debug|Any CPU.Build.0 = Debug|Any CPU
		{735F0F70-C867-4637-8FD4-8E1119A018C4}.Debug|x64.ActiveCfg = Debug|Any CPU
		{735F0F70-C867-4637-8FD4-8E1119A018C4}.Debug|x64.Build.0 = Debug|Any CPU
		{735F0F70-C867-4637-8FD4-8E1119A018C4}.Debug|x86.ActiveCfg = Debug|Any CPU
		{735F0F70-C867-4637-8FD4-8E1119A018C4}.Debug|x86.Build.0 = Debug|Any CPU
		{735F0F70-C867-4637-8FD4-8E1119A018C4}.Release|Any CPU.ActiveCfg = Release|Any CPU
		{735F0F70-C867-4637-8FD4-8E1119A018C4}.Release|Any CPU.Build.0 = Release|Any CPU
		{735F0F70-C867-4637-8FD4-8E1119A018C4}.Release|x64.ActiveCfg = Release|Any CPU
		{735F0F70-C867-4637-8FD4-8E1119A018C4}.Release|x64.Build.0 = Release|Any CPU
		{735F0F70-C867-4637-8FD4-8E1119A018C4}.Release|x86.ActiveCfg = Release|Any CPU
		{735F0F70-C867-4637-8FD4-8E1119A018C4}.Release|x86.Build.0 = Release|Any CPU
		{F7E05409-FC6C-4DDA-BDDA-823D10A65A68}.Debug|Any CPU.ActiveCfg = Debug|Any CPU
		{F7E05409-FC6C-4DDA-BDDA-823D10A65A68}.Debug|Any CPU.Build.0 = Debug|Any CPU
		{F7E05409-FC6C-4DDA-BDDA-823D10A65A68}.Debug|x64.ActiveCfg = Debug|Any CPU
		{F7E05409-FC6C-4DDA-BDDA-823D10A65A68}.Debug|x64.Build.0 = Debug|Any CPU
		{F7E05409-FC6C-4DDA-BDDA-823D10A65A68}.Debug|x86.ActiveCfg = Debug|Any CPU
		{F7E05409-FC6C-4DDA-BDDA-823D10A65A68}.Debug|x86.Build.0 = Debug|Any CPU
		{F7E05409-FC6C-4DDA-BDDA-823D10A65A68}.Release|Any CPU.ActiveCfg = Release|Any CPU
		{F7E05409-FC6C-4DDA-BDDA-823D10A65A68}.Release|Any CPU.Build.0 = Release|Any CPU
		{F7E05409-FC6C-4DDA-BDDA-823D10A65A68}.Release|x64.ActiveCfg = Release|Any CPU
		{F7E05409-FC6C-4DDA-BDDA-823D10A65A68}.Release|x64.Build.0 = Release|Any CPU
		{F7E05409-FC6C-4DDA-BDDA-823D10A65A68}.Release|x86.ActiveCfg = Release|Any CPU
		{F7E05409-FC6C-4DDA-BDDA-823D10A65A68}.Release|x86.Build.0 = Release|Any CPU
		{A803DF07-5AF1-47C2-85C7-0DF8963CFC5C}.Debug|Any CPU.ActiveCfg = Debug|x64
		{A803DF07-5AF1-47C2-85C7-0DF8963CFC5C}.Debug|Any CPU.Build.0 = Debug|x64
		{A803DF07-5AF1-47C2-85C7-0DF8963CFC5C}.Debug|x64.ActiveCfg = Debug|x64
		{A803DF07-5AF1-47C2-85C7-0DF8963CFC5C}.Debug|x64.Build.0 = Debug|x64
		{A803DF07-5AF1-47C2-85C7-0DF8963CFC5C}.Debug|x86.ActiveCfg = Debug|Win32
		{A803DF07-5AF1-47C2-85C7-0DF8963CFC5C}.Debug|x86.Build.0 = Debug|Win32
		{A803DF07-5AF1-47C2-85C7-0DF8963CFC5C}.Release|Any CPU.ActiveCfg = Release|x64
		{A803DF07-5AF1-47C2-85C7-0DF8963CFC5C}.Release|Any CPU.Build.0 = Release|x64
		{A803DF07-5AF1-47C2-85C7-0DF8963CFC5C}.Release|x64.ActiveCfg = Release|x64
		{A803DF07-5AF1-47C2-85C7-0DF8963CFC5C}.Release|x64.Build.0 = Release|x64
		{A803DF07-5AF1-47C2-85C7-0DF8963CFC5C}.Release|x86.ActiveCfg = Release|Win32
		{A803DF07-5AF1-47C2-85C7-0DF8963CFC5C}.Release|x86.Build.0 = Release|Win32
		{F662910B-617C-4CED-8AFA-EB11F8B8163B}.Debug|Any CPU.ActiveCfg = Debug|Any CPU
		{F662910B-617C-4CED-8AFA-EB11F8B8163B}.Debug|Any CPU.Build.0 = Debug|Any CPU
		{F662910B-617C-4CED-8AFA-EB11F8B8163B}.Debug|x64.ActiveCfg = Debug|Any CPU
		{F662910B-617C-4CED-8AFA-EB11F8B8163B}.Debug|x64.Build.0 = Debug|Any CPU
		{F662910B-617C-4CED-8AFA-EB11F8B8163B}.Debug|x86.ActiveCfg = Debug|Any CPU
		{F662910B-617C-4CED-8AFA-EB11F8B8163B}.Debug|x86.Build.0 = Debug|Any CPU
		{F662910B-617C-4CED-8AFA-EB11F8B8163B}.Release|Any CPU.ActiveCfg = Release|Any CPU
		{F662910B-617C-4CED-8AFA-EB11F8B8163B}.Release|Any CPU.Build.0 = Release|Any CPU
		{F662910B-617C-4CED-8AFA-EB11F8B8163B}.Release|x64.ActiveCfg = Release|Any CPU
		{F662910B-617C-4CED-8AFA-EB11F8B8163B}.Release|x64.Build.0 = Release|Any CPU
		{F662910B-617C-4CED-8AFA-EB11F8B8163B}.Release|x86.ActiveCfg = Release|Any CPU
		{F662910B-617C-4CED-8AFA-EB11F8B8163B}.Release|x86.Build.0 = Release|Any CPU
	EndGlobalSection
	GlobalSection(SolutionProperties) = preSolution
		HideSolutionNode = FALSE
	EndGlobalSection
	GlobalSection(NestedProjects) = preSolution
		{FAE80AC3-05F6-4DF2-A317-1EBA5399505F} = {EDC898AD-7B84-4F9F-9436-013BAA121F9C}
		{7E61DBD3-BA2A-48CE-B7E2-6EA158D46A9B} = {B529A71F-C30E-4DBB-BD49-94591CD0F881}
		{8D12F6B9-DB09-4B4A-A401-F60390E825C2} = {B529A71F-C30E-4DBB-BD49-94591CD0F881}
		{3CD75E02-715A-4F99-B2EE-5D246D5EF81A} = {B529A71F-C30E-4DBB-BD49-94591CD0F881}
		{735F0F70-C867-4637-8FD4-8E1119A018C4} = {B529A71F-C30E-4DBB-BD49-94591CD0F881}
		{F7E05409-FC6C-4DDA-BDDA-823D10A65A68} = {4FDE0265-C371-4615-B82C-F71479B7262E}
		{A803DF07-5AF1-47C2-85C7-0DF8963CFC5C} = {4FDE0265-C371-4615-B82C-F71479B7262E}
	EndGlobalSection
	GlobalSection(ExtensibilityGlobals) = postSolution
		SolutionGuid = {755F5D05-848E-4544-9FA1-79103BF33534}
	EndGlobalSection
EndGlobal
